
Microsoft Visual Studio Solution File, Format Version 12.00
# Visual Studio Version 17
VisualStudioVersion = 17.1.32328.378
MinimumVisualStudioVersion = 10.0.40219.1
Project("{9A19103F-16F7-4668-BE54-9A1E7A4F7556}") = "Models", "AptManager_FinalProject\Models.csproj", "{1C3CA750-99A6-43E2-A95C-B61160EA500F}"
EndProject
Project("{9A19103F-16F7-4668-BE54-9A1E7A4F7556}") = "DataAccessLayer", "DataAccessLayer\DataAccessLayer.csproj", "{7D748C27-0478-41AA-872C-860E99E04E0C}"
EndProject
Project("{9A19103F-16F7-4668-BE54-9A1E7A4F7556}") = "PresentationLayer", "PresentationLayer\PresentationLayer.csproj", "{FB4F48BA-FACD-4D06-B05E-1FAC095BA1B0}"
EndProject
Project("{9A19103F-16F7-4668-BE54-9A1E7A4F7556}") = "DataTransferObject", "DataTransferObject\DataTransferObject.csproj", "{CB117B12-D730-4ED1-B861-24F3BB79D1B3}"
EndProject
Project("{9A19103F-16F7-4668-BE54-9A1E7A4F7556}") = "BusinessLayer", "BusinessLayer\BusinessLayer.csproj", "{7CF04EB5-0D3B-4911-830E-153485C71686}"
EndProject
Project("{9A19103F-16F7-4668-BE54-9A1E7A4F7556}") = "BackgroundJobs", "BackgroundJobs\BackgroundJobs.csproj", "{FB8C7876-B966-49B2-82EC-4F63F4E6BB15}"
EndProject
Project("{FAE04EC0-301F-11D3-BF4B-00C04F79EFBC}") = "Cache", "Cache\Cache.csproj", "{CEA195E1-9FB6-438E-B21B-B87EB0151E5D}"
EndProject
Project("{FAE04EC0-301F-11D3-BF4B-00C04F79EFBC}") = "Test", "Test\Test.csproj", "{7E5EAD0B-1A27-4121-BB97-5A4FA6572697}"
EndProject
Global
	GlobalSection(SolutionConfigurationPlatforms) = preSolution
		Debug|Any CPU = Debug|Any CPU
		Release|Any CPU = Release|Any CPU
	EndGlobalSection
	GlobalSection(ProjectConfigurationPlatforms) = postSolution
		{1C3CA750-99A6-43E2-A95C-B61160EA500F}.Debug|Any CPU.ActiveCfg = Debug|Any CPU
		{1C3CA750-99A6-43E2-A95C-B61160EA500F}.Debug|Any CPU.Build.0 = Debug|Any CPU
		{1C3CA750-99A6-43E2-A95C-B61160EA500F}.Release|Any CPU.ActiveCfg = Release|Any CPU
		{1C3CA750-99A6-43E2-A95C-B61160EA500F}.Release|Any CPU.Build.0 = Release|Any CPU
		{7D748C27-0478-41AA-872C-860E99E04E0C}.Debug|Any CPU.ActiveCfg = Debug|Any CPU
		{7D748C27-0478-41AA-872C-860E99E04E0C}.Debug|Any CPU.Build.0 = Debug|Any CPU
		{7D748C27-0478-41AA-872C-860E99E04E0C}.Release|Any CPU.ActiveCfg = Release|Any CPU
		{7D748C27-0478-41AA-872C-860E99E04E0C}.Release|Any CPU.Build.0 = Release|Any CPU
		{FB4F48BA-FACD-4D06-B05E-1FAC095BA1B0}.Debug|Any CPU.ActiveCfg = Debug|Any CPU
		{FB4F48BA-FACD-4D06-B05E-1FAC095BA1B0}.Debug|Any CPU.Build.0 = Debug|Any CPU
		{FB4F48BA-FACD-4D06-B05E-1FAC095BA1B0}.Release|Any CPU.ActiveCfg = Release|Any CPU
		{FB4F48BA-FACD-4D06-B05E-1FAC095BA1B0}.Release|Any CPU.Build.0 = Release|Any CPU
		{CB117B12-D730-4ED1-B861-24F3BB79D1B3}.Debug|Any CPU.ActiveCfg = Debug|Any CPU
		{CB117B12-D730-4ED1-B861-24F3BB79D1B3}.Debug|Any CPU.Build.0 = Debug|Any CPU
		{CB117B12-D730-4ED1-B861-24F3BB79D1B3}.Release|Any CPU.ActiveCfg = Release|Any CPU
		{CB117B12-D730-4ED1-B861-24F3BB79D1B3}.Release|Any CPU.Build.0 = Release|Any CPU
		{7CF04EB5-0D3B-4911-830E-153485C71686}.Debug|Any CPU.ActiveCfg = Debug|Any CPU
		{7CF04EB5-0D3B-4911-830E-153485C71686}.Debug|Any CPU.Build.0 = Debug|Any CPU
		{7CF04EB5-0D3B-4911-830E-153485C71686}.Release|Any CPU.ActiveCfg = Release|Any CPU
		{7CF04EB5-0D3B-4911-830E-153485C71686}.Release|Any CPU.Build.0 = Release|Any CPU
		{FB8C7876-B966-49B2-82EC-4F63F4E6BB15}.Debug|Any CPU.ActiveCfg = Debug|Any CPU
		{FB8C7876-B966-49B2-82EC-4F63F4E6BB15}.Debug|Any CPU.Build.0 = Debug|Any CPU
		{FB8C7876-B966-49B2-82EC-4F63F4E6BB15}.Release|Any CPU.ActiveCfg = Release|Any CPU
		{FB8C7876-B966-49B2-82EC-4F63F4E6BB15}.Release|Any CPU.Build.0 = Release|Any CPU
		{CEA195E1-9FB6-438E-B21B-B87EB0151E5D}.Debug|Any CPU.ActiveCfg = Debug|Any CPU
		{CEA195E1-9FB6-438E-B21B-B87EB0151E5D}.Debug|Any CPU.Build.0 = Debug|Any CPU
		{CEA195E1-9FB6-438E-B21B-B87EB0151E5D}.Release|Any CPU.ActiveCfg = Release|Any CPU
		{CEA195E1-9FB6-438E-B21B-B87EB0151E5D}.Release|Any CPU.Build.0 = Release|Any CPU
		{7E5EAD0B-1A27-4121-BB97-5A4FA6572697}.Debug|Any CPU.ActiveCfg = Debug|Any CPU
		{7E5EAD0B-1A27-4121-BB97-5A4FA6572697}.Debug|Any CPU.Build.0 = Debug|Any CPU
		{7E5EAD0B-1A27-4121-BB97-5A4FA6572697}.Release|Any CPU.ActiveCfg = Release|Any CPU
		{7E5EAD0B-1A27-4121-BB97-5A4FA6572697}.Release|Any CPU.Build.0 = Release|Any CPU
	EndGlobalSection
	GlobalSection(SolutionProperties) = preSolution
		HideSolutionNode = FALSE
	EndGlobalSection
	GlobalSection(ExtensibilityGlobals) = postSolution
		SolutionGuid = {EAD1FA6A-DC87-4E08-A413-B62481E40CAD}
	EndGlobalSection
EndGlobal
